
Microsoft Visual Studio Solution File, Format Version 12.00
# Visual Studio Version 16
VisualStudioVersion = 16.0.33927.289
MinimumVisualStudioVersion = 10.0.40219.1
Project("{2150E333-8FDC-42A3-9474-1A3956D46DE8}") = "Task0", "Task0", "{A3792B37-C352-49D6-8A01-25A198598B4D}"
EndProject
Project("{FAE04EC0-301F-11D3-BF4B-00C04F79EFBC}") = "Tyuiu.MedvedevA.Sprint0.Task0.V0", "Tyuiu.MedvedevA.Sprint0.Task0.V0\Tyuiu.MedvedevA.Sprint0.Task0.V0.csproj", "{2B60E810-7C02-4F3B-A047-8F525C6FA303}"
EndProject
Project("{2150E333-8FDC-42A3-9474-1A3956D46DE8}") = "Task1", "Task1", "{4DCBA2F5-5368-4671-9104-F6B24727327F}"
EndProject
Project("{FAE04EC0-301F-11D3-BF4B-00C04F79EFBC}") = "Tyuiu.MedvedevA.Sprint0.Task1.V0", "Tyuiu.MedvedevA.Sprint0.Task1.V0\Tyuiu.MedvedevA.Sprint0.Task1.V0.csproj", "{3B0F1BA2-92C6-47D5-90BE-F57917892801}"
EndProject
Project("{2150E333-8FDC-42A3-9474-1A3956D46DE8}") = "Task2", "Task2", "{A96C1C94-436A-4D92-8833-DDA3EE42B69A}"
EndProject
Project("{FAE04EC0-301F-11D3-BF4B-00C04F79EFBC}") = "Tyuiu.MedvedevA.Sprint0.Task2.V0", "Tyuiu.MedvedevA.Sprint0.Task2.V0\Tyuiu.MedvedevA.Sprint0.Task2.V0.csproj", "{D495E342-32BD-4E5E-BDFD-2EBF7D03E826}"
EndProject
Project("{FAE04EC0-301F-11D3-BF4B-00C04F79EFBC}") = "Tyuiu.MedvedevA.Sprint0.Task2.V0.Lib", "Tyuiu.MedvedevA.Sprint0.Task2.V0.Lib\Tyuiu.MedvedevA.Sprint0.Task2.V0.Lib.csproj", "{3DD0ED0B-3FB3-4118-848B-D326E7C73380}"
EndProject
Project("{FAE04EC0-301F-11D3-BF4B-00C04F79EFBC}") = "Tyuiu.MedvedevA.Sprint0.Task2.V0.Test", "Tyuiu.MedvedevA.Sprint0.Task2.V0.Test\Tyuiu.MedvedevA.Sprint0.Task2.V0.Test.csproj", "{5CEE7860-0812-47AB-AEDD-D44638C856E1}"
EndProject
Project("{2150E333-8FDC-42A3-9474-1A3956D46DE8}") = "Task3", "Task3", "{9B27F6FF-4BD4-4DDF-A6D0-A31318647E51}"
EndProject
Project("{FAE04EC0-301F-11D3-BF4B-00C04F79EFBC}") = "Tyuiu.MedvedevA.Sprint0.Task3.V0", "Tyuiu.MedvedevA.Sprint0.Task3.V0\Tyuiu.MedvedevA.Sprint0.Task3.V0.csproj", "{0E177A9D-94EA-46D0-AA17-BCA80450C54D}"
EndProject
Project("{FAE04EC0-301F-11D3-BF4B-00C04F79EFBC}") = "Tyuiu.MedvedevA.Sprint0.Task3.V0.Lib", "Tyuiu.MedvedevA.Sprint0.Task3.V0.Lib\Tyuiu.MedvedevA.Sprint0.Task3.V0.Lib.csproj", "{5BDBB05D-8449-4708-9E56-26130B6C5207}"
EndProject
Project("{FAE04EC0-301F-11D3-BF4B-00C04F79EFBC}") = "Tyuiu.MedvedevA.Sprint0.Task3.V0.Test", "Tyuiu.MedvedevA.Sprint0.Task3.V0.Test\Tyuiu.MedvedevA.Sprint0.Task3.V0.Test.csproj", "{ECE1EF61-8C78-4587-AF23-A2459CF59799}"
EndProject
Project("{2150E333-8FDC-42A3-9474-1A3956D46DE8}") = "Task4", "Task4", "{15D9123F-C65D-4462-9527-4944C425FA04}"
EndProject
Project("{FAE04EC0-301F-11D3-BF4B-00C04F79EFBC}") = "Tyuiu.MedvedevA.Sprint0.Task4.V0", "Tyuiu.MedvedevA.Sprint0.Task4.V0\Tyuiu.MedvedevA.Sprint0.Task4.V0.csproj", "{BF2F666B-F136-4DE7-B592-5F3400B7A656}"
EndProject
Project("{FAE04EC0-301F-11D3-BF4B-00C04F79EFBC}") = "Tyuiu.MedvedevA.Sprint0.Task4.V0.Lib", "Tyuiu.MedvedevA.Sprint0.Task4.V0.Lib\Tyuiu.MedvedevA.Sprint0.Task4.V0.Lib.csproj", "{367BBA0A-0D98-4601-B3D7-38609F2A830A}"
EndProject
Project("{FAE04EC0-301F-11D3-BF4B-00C04F79EFBC}") = "Tyuiu.MedvedevA.Sprint0.Task4.V0.Test", "Tyuiu.MedvedevA.Sprint0.Task4.V0.Test\Tyuiu.MedvedevA.Sprint0.Task4.V0.Test.csproj", "{8131E25E-F926-47DB-84F3-D0BF97C47E66}"
EndProject
Project("{2150E333-8FDC-42A3-9474-1A3956D46DE8}") = "Task5", "Task5", "{FC13365F-B346-41EC-B2B4-D77ADAE05F86}"
EndProject
Project("{FAE04EC0-301F-11D3-BF4B-00C04F79EFBC}") = "Tyuiu.MedvedevA.Sprint0.Task5.V0", "Tyuiu.MedvedevA.Sprint0.Task5.V0\Tyuiu.MedvedevA.Sprint0.Task5.V0.csproj", "{E3D8758B-8046-4036-927C-39EB1DA9BC14}"
EndProject
Project("{FAE04EC0-301F-11D3-BF4B-00C04F79EFBC}") = "Tyuiu.MedvedevA.Sprint0.Task5.V0.Lib", "Tyuiu.MedvedevA.Sprint0.Task5.V0.Lib\Tyuiu.MedvedevA.Sprint0.Task5.V0.Lib.csproj", "{ABA49939-DA38-4E79-BA5A-78740E31D00A}"
EndProject
Project("{FAE04EC0-301F-11D3-BF4B-00C04F79EFBC}") = "Tyuiu.MedvedevA.Sprint0.Task5.V0.Test", "Tyuiu.MedvedevA.Sprint0.Task5.V0.Test\Tyuiu.MedvedevA.Sprint0.Task5.V0.Test.csproj", "{AB400B9A-B59B-47A5-9373-EB4A249CE69F}"
EndProject
Global
	GlobalSection(SolutionConfigurationPlatforms) = preSolution
		Debug|Any CPU = Debug|Any CPU
		Release|Any CPU = Release|Any CPU
	EndGlobalSection
	GlobalSection(ProjectConfigurationPlatforms) = postSolution
		{2B60E810-7C02-4F3B-A047-8F525C6FA303}.Debug|Any CPU.ActiveCfg = Debug|Any CPU
		{2B60E810-7C02-4F3B-A047-8F525C6FA303}.Debug|Any CPU.Build.0 = Debug|Any CPU
		{2B60E810-7C02-4F3B-A047-8F525C6FA303}.Release|Any CPU.ActiveCfg = Release|Any CPU
		{2B60E810-7C02-4F3B-A047-8F525C6FA303}.Release|Any CPU.Build.0 = Release|Any CPU
		{3B0F1BA2-92C6-47D5-90BE-F57917892801}.Debug|Any CPU.ActiveCfg = Debug|Any CPU
		{3B0F1BA2-92C6-47D5-90BE-F57917892801}.Debug|Any CPU.Build.0 = Debug|Any CPU
		{3B0F1BA2-92C6-47D5-90BE-F57917892801}.Release|Any CPU.ActiveCfg = Release|Any CPU
		{3B0F1BA2-92C6-47D5-90BE-F57917892801}.Release|Any CPU.Build.0 = Release|Any CPU
		{D495E342-32BD-4E5E-BDFD-2EBF7D03E826}.Debug|Any CPU.ActiveCfg = Debug|Any CPU
		{D495E342-32BD-4E5E-BDFD-2EBF7D03E826}.Debug|Any CPU.Build.0 = Debug|Any CPU
		{D495E342-32BD-4E5E-BDFD-2EBF7D03E826}.Release|Any CPU.ActiveCfg = Release|Any CPU
		{D495E342-32BD-4E5E-BDFD-2EBF7D03E826}.Release|Any CPU.Build.0 = Release|Any CPU
		{3DD0ED0B-3FB3-4118-848B-D326E7C73380}.Debug|Any CPU.ActiveCfg = Debug|Any CPU
		{3DD0ED0B-3FB3-4118-848B-D326E7C73380}.Debug|Any CPU.Build.0 = Debug|Any CPU
		{3DD0ED0B-3FB3-4118-848B-D326E7C73380}.Release|Any CPU.ActiveCfg = Release|Any CPU
		{3DD0ED0B-3FB3-4118-848B-D326E7C73380}.Release|Any CPU.Build.0 = Release|Any CPU
		{5CEE7860-0812-47AB-AEDD-D44638C856E1}.Debug|Any CPU.ActiveCfg = Debug|Any CPU
		{5CEE7860-0812-47AB-AEDD-D44638C856E1}.Debug|Any CPU.Build.0 = Debug|Any CPU
		{5CEE7860-0812-47AB-AEDD-D44638C856E1}.Release|Any CPU.ActiveCfg = Release|Any CPU
		{5CEE7860-0812-47AB-AEDD-D44638C856E1}.Release|Any CPU.Build.0 = Release|Any CPU
		{0E177A9D-94EA-46D0-AA17-BCA80450C54D}.Debug|Any CPU.ActiveCfg = Debug|Any CPU
		{0E177A9D-94EA-46D0-AA17-BCA80450C54D}.Debug|Any CPU.Build.0 = Debug|Any CPU
		{0E177A9D-94EA-46D0-AA17-BCA80450C54D}.Release|Any CPU.ActiveCfg = Release|Any CPU
		{0E177A9D-94EA-46D0-AA17-BCA80450C54D}.Release|Any CPU.Build.0 = Release|Any CPU
		{5BDBB05D-8449-4708-9E56-26130B6C5207}.Debug|Any CPU.ActiveCfg = Debug|Any CPU
		{5BDBB05D-8449-4708-9E56-26130B6C5207}.Debug|Any CPU.Build.0 = Debug|Any CPU
		{5BDBB05D-8449-4708-9E56-26130B6C5207}.Release|Any CPU.ActiveCfg = Release|Any CPU
		{5BDBB05D-8449-4708-9E56-26130B6C5207}.Release|Any CPU.Build.0 = Release|Any CPU
		{ECE1EF61-8C78-4587-AF23-A2459CF59799}.Debug|Any CPU.ActiveCfg = Debug|Any CPU
		{ECE1EF61-8C78-4587-AF23-A2459CF59799}.Debug|Any CPU.Build.0 = Debug|Any CPU
		{ECE1EF61-8C78-4587-AF23-A2459CF59799}.Release|Any CPU.ActiveCfg = Release|Any CPU
		{ECE1EF61-8C78-4587-AF23-A2459CF59799}.Release|Any CPU.Build.0 = Release|Any CPU
		{BF2F666B-F136-4DE7-B592-5F3400B7A656}.Debug|Any CPU.ActiveCfg = Debug|Any CPU
		{BF2F666B-F136-4DE7-B592-5F3400B7A656}.Debug|Any CPU.Build.0 = Debug|Any CPU
		{BF2F666B-F136-4DE7-B592-5F3400B7A656}.Release|Any CPU.ActiveCfg = Release|Any CPU
		{BF2F666B-F136-4DE7-B592-5F3400B7A656}.Release|Any CPU.Build.0 = Release|Any CPU
		{367BBA0A-0D98-4601-B3D7-38609F2A830A}.Debug|Any CPU.ActiveCfg = Debug|Any CPU
		{367BBA0A-0D98-4601-B3D7-38609F2A830A}.Debug|Any CPU.Build.0 = Debug|Any CPU
		{367BBA0A-0D98-4601-B3D7-38609F2A830A}.Release|Any CPU.ActiveCfg = Release|Any CPU
		{367BBA0A-0D98-4601-B3D7-38609F2A830A}.Release|Any CPU.Build.0 = Release|Any CPU
		{8131E25E-F926-47DB-84F3-D0BF97C47E66}.Debug|Any CPU.ActiveCfg = Debug|Any CPU
		{8131E25E-F926-47DB-84F3-D0BF97C47E66}.Debug|Any CPU.Build.0 = Debug|Any CPU
		{8131E25E-F926-47DB-84F3-D0BF97C47E66}.Release|Any CPU.ActiveCfg = Release|Any CPU
		{8131E25E-F926-47DB-84F3-D0BF97C47E66}.Release|Any CPU.Build.0 = Release|Any CPU
		{E3D8758B-8046-4036-927C-39EB1DA9BC14}.Debug|Any CPU.ActiveCfg = Debug|Any CPU
		{E3D8758B-8046-4036-927C-39EB1DA9BC14}.Debug|Any CPU.Build.0 = Debug|Any CPU
		{E3D8758B-8046-4036-927C-39EB1DA9BC14}.Release|Any CPU.ActiveCfg = Release|Any CPU
		{E3D8758B-8046-4036-927C-39EB1DA9BC14}.Release|Any CPU.Build.0 = Release|Any CPU
		{ABA49939-DA38-4E79-BA5A-78740E31D00A}.Debug|Any CPU.ActiveCfg = Debug|Any CPU
		{ABA49939-DA38-4E79-BA5A-78740E31D00A}.Debug|Any CPU.Build.0 = Debug|Any CPU
		{ABA49939-DA38-4E79-BA5A-78740E31D00A}.Release|Any CPU.ActiveCfg = Release|Any CPU
		{ABA49939-DA38-4E79-BA5A-78740E31D00A}.Release|Any CPU.Build.0 = Release|Any CPU
		{AB400B9A-B59B-47A5-9373-EB4A249CE69F}.Debug|Any CPU.ActiveCfg = Debug|Any CPU
		{AB400B9A-B59B-47A5-9373-EB4A249CE69F}.Debug|Any CPU.Build.0 = Debug|Any CPU
		{AB400B9A-B59B-47A5-9373-EB4A249CE69F}.Release|Any CPU.ActiveCfg = Release|Any CPU
		{AB400B9A-B59B-47A5-9373-EB4A249CE69F}.Release|Any CPU.Build.0 = Release|Any CPU
	EndGlobalSection
	GlobalSection(SolutionProperties) = preSolution
		HideSolutionNode = FALSE
	EndGlobalSection
	GlobalSection(NestedProjects) = preSolution
		{2B60E810-7C02-4F3B-A047-8F525C6FA303} = {A3792B37-C352-49D6-8A01-25A198598B4D}
		{3B0F1BA2-92C6-47D5-90BE-F57917892801} = {4DCBA2F5-5368-4671-9104-F6B24727327F}
		{D495E342-32BD-4E5E-BDFD-2EBF7D03E826} = {A96C1C94-436A-4D92-8833-DDA3EE42B69A}
		{3DD0ED0B-3FB3-4118-848B-D326E7C73380} = {A96C1C94-436A-4D92-8833-DDA3EE42B69A}
		{5CEE7860-0812-47AB-AEDD-D44638C856E1} = {A96C1C94-436A-4D92-8833-DDA3EE42B69A}
		{0E177A9D-94EA-46D0-AA17-BCA80450C54D} = {9B27F6FF-4BD4-4DDF-A6D0-A31318647E51}
		{5BDBB05D-8449-4708-9E56-26130B6C5207} = {9B27F6FF-4BD4-4DDF-A6D0-A31318647E51}
		{ECE1EF61-8C78-4587-AF23-A2459CF59799} = {9B27F6FF-4BD4-4DDF-A6D0-A31318647E51}
		{BF2F666B-F136-4DE7-B592-5F3400B7A656} = {15D9123F-C65D-4462-9527-4944C425FA04}
		{367BBA0A-0D98-4601-B3D7-38609F2A830A} = {15D9123F-C65D-4462-9527-4944C425FA04}
		{8131E25E-F926-47DB-84F3-D0BF97C47E66} = {15D9123F-C65D-4462-9527-4944C425FA04}
		{E3D8758B-8046-4036-927C-39EB1DA9BC14} = {FC13365F-B346-41EC-B2B4-D77ADAE05F86}
		{ABA49939-DA38-4E79-BA5A-78740E31D00A} = {FC13365F-B346-41EC-B2B4-D77ADAE05F86}
		{AB400B9A-B59B-47A5-9373-EB4A249CE69F} = {FC13365F-B346-41EC-B2B4-D77ADAE05F86}
	EndGlobalSection
	GlobalSection(ExtensibilityGlobals) = postSolution
		SolutionGuid = {DEE895DB-63FF-4652-BC14-7F8D132AE1BF}
	EndGlobalSection
EndGlobal
